<?xml version="1.0" encoding="utf-8"?>
<Project ToolsVersion="4.0" xmlns="http://schemas.microsoft.com/developer/msbuild/2003">
  <ItemGroup>
    <Filter Include="Source Files">
      <UniqueIdentifier>{f2104311-1b1e-49de-a9bd-e053125fb8a5}</UniqueIdentifier>
      <Extensions>cpp;c;cxx;rc;def;r;odl;idl;hpj;bat</Extensions>
    </Filter>
    <Filter Include="Header Files">
      <UniqueIdentifier>{0c067f4f-74cd-40ff-bb58-b0744cc5c5e6}</UniqueIdentifier>
      <Extensions>h;hpp;hxx;hm;inl</Extensions>
    </Filter>
  </ItemGroup>
  <ItemGroup>
    <ClCompile Include="source\Flare.cpp">
      <Filter>Source Files</Filter>
    </ClCompile>
    <ClCompile Include="source\FlareFrame.cpp">
      <Filter>Source Files</Filter>
    </ClCompile>
    <ClCompile Include="source\FlareTrack.cpp">
      <Filter>Source Files</Filter>
    </ClCompile>
    <ClCompile Include="source\keyframer.cpp">
      <Filter>Source Files</Filter>
    </ClCompile>
    <ClCompile Include="source\MATERIAL.CPP">
      <Filter>Source Files</Filter>
    </ClCompile>
    <ClCompile Include="source\MATRIX.CPP">
      <Filter>Source Files</Filter>
    </ClCompile>
    <ClCompile Include="source\MTXSTACK.CPP">
      <Filter>Source Files</Filter>
    </ClCompile>
    <ClCompile Include="source\OBJECT.CPP">
      <Filter>Source Files</Filter>
    </ClCompile>
    <ClCompile Include="source\QUATERNION.CPP">
      <Filter>Source Files</Filter>
    </ClCompile>
    <ClCompile Include="source\SCENE.CPP">
      <Filter>Source Files</Filter>
    </ClCompile>
    <ClCompile Include="source\Sprite.cpp">
      <Filter>Source Files</Filter>
    </ClCompile>
    <ClCompile Include="source\TEXTURE.CPP">
      <Filter>Source Files</Filter>
    </ClCompile>
    <ClCompile Include="source\TRACK.CPP">
      <Filter>Source Files</Filter>
    </ClCompile>
    <ClCompile Include="source\VECTOR.CPP">
      <Filter>Source Files</Filter>
    </ClCompile>
  </ItemGroup>
  <ItemGroup>
    <ClInclude Include="include\Debug.h">
      <Filter>Header Files</Filter>
    </ClInclude>
    <ClInclude Include="include\Flare.h">
      <Filter>Header Files</Filter>
    </ClInclude>
    <ClInclude Include="include\FlareFrame.h">
      <Filter>Header Files</Filter>
    </ClInclude>
    <ClInclude Include="include\FlareTrack.h">
      <Filter>Header Files</Filter>
    </ClInclude>
    <ClInclude Include="include\keyframer.h">
      <Filter>Header Files</Filter>
    </ClInclude>
    <ClInclude Include="include\MATERIAL.H">
      <Filter>Header Files</Filter>
    </ClInclude>
    <ClInclude Include="include\MATH3D.H">
      <Filter>Header Files</Filter>
    </ClInclude>
    <ClInclude Include="include\NAMEMAP.H">
      <Filter>Header Files</Filter>
    </ClInclude>
    <ClInclude Include="include\OBJECT.H">
      <Filter>Header Files</Filter>
    </ClInclude>
    <ClInclude Include="include\SCENE.H">
      <Filter>Header Files</Filter>
    </ClInclude>
    <ClInclude Include="include\Sprite.h">
      <Filter>Header Files</Filter>
    </ClInclude>
    <ClInclude Include="include\TEXTURE.H">
      <Filter>Header Files</Filter>
    </ClInclude>
    <ClInclude Include="include\TRACK.H">
      <Filter>Header Files</Filter>
    </ClInclude>
  </ItemGroup>
</Project>